
Microsoft Visual Studio Solution File, Format Version 12.00
# Visual Studio Version 17
VisualStudioVersion = 17.7.34003.232
MinimumVisualStudioVersion = 10.0.40219.1
Project("{FAE04EC0-301F-11D3-BF4B-00C04F79EFBC}") = "PizzaBlazor.Server", "Server\PizzaBlazor.Server.csproj", "{6EBBF055-AE81-4C87-8615-48606FBCC435}"
EndProject
Project("{FAE04EC0-301F-11D3-BF4B-00C04F79EFBC}") = "PizzaBlazor.Client", "Client\PizzaBlazor.Client.csproj", "{56C0D4E4-4A95-49CC-AFA7-4DCDBD847181}"
EndProject
Project("{FAE04EC0-301F-11D3-BF4B-00C04F79EFBC}") = "PizzaBlazor.Shared", "Shared\PizzaBlazor.Shared.csproj", "{7FCC2BE1-14AC-47C9-AFFE-C6B7B4CD367F}"
EndProject
Global
	GlobalSection(SolutionConfigurationPlatforms) = preSolution
		Debug|Any CPU = Debug|Any CPU
		Release|Any CPU = Release|Any CPU
	EndGlobalSection
	GlobalSection(ProjectConfigurationPlatforms) = postSolution
		{6EBBF055-AE81-4C87-8615-48606FBCC435}.Debug|Any CPU.ActiveCfg = Debug|Any CPU
		{6EBBF055-AE81-4C87-8615-48606FBCC435}.Debug|Any CPU.Build.0 = Debug|Any CPU
		{6EBBF055-AE81-4C87-8615-48606FBCC435}.Release|Any CPU.ActiveCfg = Release|Any CPU
		{6EBBF055-AE81-4C87-8615-48606FBCC435}.Release|Any CPU.Build.0 = Release|Any CPU
		{56C0D4E4-4A95-49CC-AFA7-4DCDBD847181}.Debug|Any CPU.ActiveCfg = Debug|Any CPU
		{56C0D4E4-4A95-49CC-AFA7-4DCDBD847181}.Debug|Any CPU.Build.0 = Debug|Any CPU
		{56C0D4E4-4A95-49CC-AFA7-4DCDBD847181}.Release|Any CPU.ActiveCfg = Release|Any CPU
		{56C0D4E4-4A95-49CC-AFA7-4DCDBD847181}.Release|Any CPU.Build.0 = Release|Any CPU
		{7FCC2BE1-14AC-47C9-AFFE-C6B7B4CD367F}.Debug|Any CPU.ActiveCfg = Debug|Any CPU
		{7FCC2BE1-14AC-47C9-AFFE-C6B7B4CD367F}.Debug|Any CPU.Build.0 = Debug|Any CPU
		{7FCC2BE1-14AC-47C9-AFFE-C6B7B4CD367F}.Release|Any CPU.ActiveCfg = Release|Any CPU
		{7FCC2BE1-14AC-47C9-AFFE-C6B7B4CD367F}.Release|Any CPU.Build.0 = Release|Any CPU
	EndGlobalSection
	GlobalSection(SolutionProperties) = preSolution
		HideSolutionNode = FALSE
	EndGlobalSection
	GlobalSection(ExtensibilityGlobals) = postSolution
		SolutionGuid = {E55C83B6-304E-4CC1-A31A-2405865C5C52}
	EndGlobalSection
EndGlobal
